Microsoft Visual Studio Solution File, Format Version 11.00
# Visual Studio 2008

Project("{2674B27F-1E8F-AD35-3F2D-EE9005A64782}") = "rune-master", "Assembly-CSharp.csproj", "{5163836C-578B-83D1-4BA7-C07163CF2F92}"
EndProject
Project("{2674B27F-1E8F-AD35-3F2D-EE9005A64782}") = "rune-master", "Assembly-UnityScript-firstpass.unityproj", "{D4EFD312-7BFD-B95C-6719-F2E5D5C7852B}"
EndProject
Global
	GlobalSection(SolutionConfigurationPlatforms) = preSolution
		Debug|Any CPU = Debug|Any CPU
		Release|Any CPU = Release|Any CPU
	EndGlobalSection
	GlobalSection(ProjectConfigurationPlatforms) = postSolution
		{5163836C-578B-83D1-4BA7-C07163CF2F92}.Debug|Any CPU.ActiveCfg = Debug|Any CPU
		{5163836C-578B-83D1-4BA7-C07163CF2F92}.Debug|Any CPU.Build.0 = Debug|Any CPU
		{5163836C-578B-83D1-4BA7-C07163CF2F92}.Release|Any CPU.ActiveCfg = Release|Any CPU
		{5163836C-578B-83D1-4BA7-C07163CF2F92}.Release|Any CPU.Build.0 = Release|Any CPU
		{D4EFD312-7BFD-B95C-6719-F2E5D5C7852B}.Debug|Any CPU.ActiveCfg = Debug|Any CPU
		{D4EFD312-7BFD-B95C-6719-F2E5D5C7852B}.Debug|Any CPU.Build.0 = Debug|Any CPU
		{D4EFD312-7BFD-B95C-6719-F2E5D5C7852B}.Release|Any CPU.ActiveCfg = Release|Any CPU
		{D4EFD312-7BFD-B95C-6719-F2E5D5C7852B}.Release|Any CPU.Build.0 = Release|Any CPU
	EndGlobalSection
	GlobalSection(SolutionProperties) = preSolution
		HideSolutionNode = FALSE
	EndGlobalSection
					GlobalSection(MonoDevelopProperties) = preSolution
		StartupItem = Assembly-CSharp.csproj
		Policies = $0
		$0.TextStylePolicy = $1
		$1.inheritsSet = null
		$1.scope = text/x-csharp
		$0.CSharpFormattingPolicy = $2
		$2.inheritsSet = Mono
		$2.inheritsScope = text/x-csharp
		$2.scope = text/x-csharp
		$0.TextStylePolicy = $3
		$3.FileWidth = 120
		$3.TabWidth = 4
		$3.EolMarker = Unix
		$3.inheritsSet = Mono
		$3.inheritsScope = text/plain
		$3.scope = text/plain
	EndGlobalSection

EndGlobal
